
Microsoft Visual Studio Solution File, Format Version 12.00
# Visual Studio Version 17
VisualStudioVersion = 17.5.33627.172
MinimumVisualStudioVersion = 10.0.40219.1
Project("{9A19103F-16F7-4668-BE54-9A1E7A4F7556}") = "AssessmentDeliveryTestingFramework", "AssessmentDeliveryTestingFramework.csproj", "{07E6196F-5E80-4E1C-8A77-A8CE62F31A4C}"
EndProject
Project("{2150E333-8FDC-42A3-9474-1A3956D46DE8}") = "Web", "Web", "{E0A281F4-6443-463B-AF39-7702F196B31A}"
EndProject
Project("{2150E333-8FDC-42A3-9474-1A3956D46DE8}") = "Mobile", "Mobile", "{20D2BF2A-45FF-4168-BAA7-0C5C7908FFDE}"
EndProject
Project("{2150E333-8FDC-42A3-9474-1A3956D46DE8}") = "Android", "Android", "{52EB652F-323D-49F1-AF42-CD4E105D08CF}"
EndProject
Project("{2150E333-8FDC-42A3-9474-1A3956D46DE8}") = "API", "API", "{E4F31633-B2CA-4402-9605-8C76131F3377}"
EndProject
Project("{2150E333-8FDC-42A3-9474-1A3956D46DE8}") = "Desktop", "Desktop", "{6FF47FA0-7B56-44E1-B1C2-9E1D22801F82}"
EndProject
Project("{2150E333-8FDC-42A3-9474-1A3956D46DE8}") = "Windows", "Windows", "{C0EB9859-80F4-44DD-914F-7C68BA0AF601}"
EndProject
Project("{2150E333-8FDC-42A3-9474-1A3956D46DE8}") = "AssessmentDeliveryTests", "AssessmentDeliveryTests", "{1C9A9EC1-D91B-4362-A927-FC90F30DFD6E}"
EndProject
Project("{2150E333-8FDC-42A3-9474-1A3956D46DE8}") = "FreeQuizMakerTests", "FreeQuizMakerTests", "{18E9D857-C81E-4FA7-9039-D4082BE20087}"
EndProject
Project("{9A19103F-16F7-4668-BE54-9A1E7A4F7556}") = "FreeQuizMakerTests", "..\AssessmentDeliveryTests\Desktop\Windows\FreeQuizMakerTests\FreeQuizMakerTests.csproj", "{92490819-17B3-4A39-9FC6-81F3546D454C}"
EndProject
Project("{2150E333-8FDC-42A3-9474-1A3956D46DE8}") = "AptitudeTests", "AptitudeTests", "{77D432F0-97C2-419E-928C-88105192F016}"
EndProject
Project("{9A19103F-16F7-4668-BE54-9A1E7A4F7556}") = "AptitudeTests", "..\AssessmentDeliveryTests\Mobile\Android\AptitudeTests\AptitudeTests.csproj", "{65DF10CA-EA18-4A91-8102-F0AC6E447966}"
EndProject
Project("{2150E333-8FDC-42A3-9474-1A3956D46DE8}") = "GorillaTests", "GorillaTests", "{26447017-C7DC-43B4-89AA-867DD4C63A4D}"
EndProject
Project("{9A19103F-16F7-4668-BE54-9A1E7A4F7556}") = "GorillaTests", "..\AssessmentDeliveryTests\Web\GorillaTests\GorillaTests.csproj", "{AE223A92-1F38-4891-95EC-8CB7CDCE46E8}"
EndProject
Global
	GlobalSection(SolutionConfigurationPlatforms) = preSolution
		Debug|Any CPU = Debug|Any CPU
		Release|Any CPU = Release|Any CPU
	EndGlobalSection
	GlobalSection(ProjectConfigurationPlatforms) = postSolution
		{07E6196F-5E80-4E1C-8A77-A8CE62F31A4C}.Debug|Any CPU.ActiveCfg = Debug|Any CPU
		{07E6196F-5E80-4E1C-8A77-A8CE62F31A4C}.Debug|Any CPU.Build.0 = Debug|Any CPU
		{07E6196F-5E80-4E1C-8A77-A8CE62F31A4C}.Release|Any CPU.ActiveCfg = Release|Any CPU
		{07E6196F-5E80-4E1C-8A77-A8CE62F31A4C}.Release|Any CPU.Build.0 = Release|Any CPU
		{92490819-17B3-4A39-9FC6-81F3546D454C}.Debug|Any CPU.ActiveCfg = Debug|Any CPU
		{92490819-17B3-4A39-9FC6-81F3546D454C}.Debug|Any CPU.Build.0 = Debug|Any CPU
		{92490819-17B3-4A39-9FC6-81F3546D454C}.Release|Any CPU.ActiveCfg = Release|Any CPU
		{92490819-17B3-4A39-9FC6-81F3546D454C}.Release|Any CPU.Build.0 = Release|Any CPU
		{65DF10CA-EA18-4A91-8102-F0AC6E447966}.Debug|Any CPU.ActiveCfg = Debug|Any CPU
		{65DF10CA-EA18-4A91-8102-F0AC6E447966}.Debug|Any CPU.Build.0 = Debug|Any CPU
		{65DF10CA-EA18-4A91-8102-F0AC6E447966}.Release|Any CPU.ActiveCfg = Release|Any CPU
		{65DF10CA-EA18-4A91-8102-F0AC6E447966}.Release|Any CPU.Build.0 = Release|Any CPU
		{AE223A92-1F38-4891-95EC-8CB7CDCE46E8}.Debug|Any CPU.ActiveCfg = Debug|Any CPU
		{AE223A92-1F38-4891-95EC-8CB7CDCE46E8}.Debug|Any CPU.Build.0 = Debug|Any CPU
		{AE223A92-1F38-4891-95EC-8CB7CDCE46E8}.Release|Any CPU.ActiveCfg = Release|Any CPU
		{AE223A92-1F38-4891-95EC-8CB7CDCE46E8}.Release|Any CPU.Build.0 = Release|Any CPU
	EndGlobalSection
	GlobalSection(SolutionProperties) = preSolution
		HideSolutionNode = FALSE
	EndGlobalSection
	GlobalSection(NestedProjects) = preSolution
		{E0A281F4-6443-463B-AF39-7702F196B31A} = {1C9A9EC1-D91B-4362-A927-FC90F30DFD6E}
		{20D2BF2A-45FF-4168-BAA7-0C5C7908FFDE} = {1C9A9EC1-D91B-4362-A927-FC90F30DFD6E}
		{52EB652F-323D-49F1-AF42-CD4E105D08CF} = {20D2BF2A-45FF-4168-BAA7-0C5C7908FFDE}
		{E4F31633-B2CA-4402-9605-8C76131F3377} = {1C9A9EC1-D91B-4362-A927-FC90F30DFD6E}
		{6FF47FA0-7B56-44E1-B1C2-9E1D22801F82} = {1C9A9EC1-D91B-4362-A927-FC90F30DFD6E}
		{C0EB9859-80F4-44DD-914F-7C68BA0AF601} = {6FF47FA0-7B56-44E1-B1C2-9E1D22801F82}
		{18E9D857-C81E-4FA7-9039-D4082BE20087} = {C0EB9859-80F4-44DD-914F-7C68BA0AF601}
		{92490819-17B3-4A39-9FC6-81F3546D454C} = {18E9D857-C81E-4FA7-9039-D4082BE20087}
		{77D432F0-97C2-419E-928C-88105192F016} = {52EB652F-323D-49F1-AF42-CD4E105D08CF}
		{65DF10CA-EA18-4A91-8102-F0AC6E447966} = {77D432F0-97C2-419E-928C-88105192F016}
		{26447017-C7DC-43B4-89AA-867DD4C63A4D} = {E0A281F4-6443-463B-AF39-7702F196B31A}
		{AE223A92-1F38-4891-95EC-8CB7CDCE46E8} = {26447017-C7DC-43B4-89AA-867DD4C63A4D}
	EndGlobalSection
	GlobalSection(ExtensibilityGlobals) = postSolution
		SolutionGuid = {39D9C2B7-D9E7-4CCF-BF52-ACD8B1297E01}
	EndGlobalSection
EndGlobal
