
Microsoft Visual Studio Solution File, Format Version 12.00
# Visual Studio Version 17
VisualStudioVersion = 17.5.33627.172
MinimumVisualStudioVersion = 10.0.40219.1
Project("{9A19103F-16F7-4668-BE54-9A1E7A4F7556}") = "AssessmentDeliveryTestingFramework", "AssessmentDeliveryTestingFramework.csproj", "{07E6196F-5E80-4E1C-8A77-A8CE62F31A4C}"
EndProject
Project("{2150E333-8FDC-42A3-9474-1A3956D46DE8}") = "Web", "Web", "{E0A281F4-6443-463B-AF39-7702F196B31A}"
EndProject
Project("{2150E333-8FDC-42A3-9474-1A3956D46DE8}") = "Mobile", "Mobile", "{20D2BF2A-45FF-4168-BAA7-0C5C7908FFDE}"
EndProject
Project("{2150E333-8FDC-42A3-9474-1A3956D46DE8}") = "Android", "Android", "{52EB652F-323D-49F1-AF42-CD4E105D08CF}"
EndProject
Project("{2150E333-8FDC-42A3-9474-1A3956D46DE8}") = "API", "API", "{E4F31633-B2CA-4402-9605-8C76131F3377}"
EndProject
Project("{2150E333-8FDC-42A3-9474-1A3956D46DE8}") = "Desktop", "Desktop", "{6FF47FA0-7B56-44E1-B1C2-9E1D22801F82}"
EndProject
Project("{2150E333-8FDC-42A3-9474-1A3956D46DE8}") = "Windows", "Windows", "{C0EB9859-80F4-44DD-914F-7C68BA0AF601}"
EndProject
Project("{2150E333-8FDC-42A3-9474-1A3956D46DE8}") = "AssessmentDeliveryTests", "AssessmentDeliveryTests", "{1C9A9EC1-D91B-4362-A927-FC90F30DFD6E}"
EndProject
Project("{2150E333-8FDC-42A3-9474-1A3956D46DE8}") = "FreeQuizMakerTests", "FreeQuizMakerTests", "{18E9D857-C81E-4FA7-9039-D4082BE20087}"
EndProject
Project("{9A19103F-16F7-4668-BE54-9A1E7A4F7556}") = "FreeQuizMakerTests", "..\AssessmentDeliveryTests\Desktop\Windows\FreeQuizMakerTests\FreeQuizMakerTests.csproj", "{92490819-17B3-4A39-9FC6-81F3546D454C}"
EndProject
Project("{2150E333-8FDC-42A3-9474-1A3956D46DE8}") = "AptitudeTests", "AptitudeTests", "{77D432F0-97C2-419E-928C-88105192F016}"
EndProject
Project("{9A19103F-16F7-4668-BE54-9A1E7A4F7556}") = "AptitudeTests", "..\AssessmentDeliveryTests\Mobile\Android\AptitudeTests\AptitudeTests.csproj", "{65DF10CA-EA18-4A91-8102-F0AC6E447966}"
EndProject
Project("{2150E333-8FDC-42A3-9474-1A3956D46DE8}") = "GorillaTests", "GorillaTests", "{26447017-C7DC-43B4-89AA-867DD4C63A4D}"
EndProject
Project("{9A19103F-16F7-4668-BE54-9A1E7A4F7556}") = "GorillaTests", "..\AssessmentDeliveryTests\Web\GorillaTests\GorillaTests.csproj", "{AE223A92-1F38-4891-95EC-8CB7CDCE46E8}"
EndProject
Project("{2150E333-8FDC-42A3-9474-1A3956D46DE8}") = "AzureDevOps", "AzureDevOps", "{36DFBF11-BB98-4D22-B9B5-641E37BB920C}"
EndProject
Project("{9A19103F-16F7-4668-BE54-9A1E7A4F7556}") = "AzureDevOpsApiTests", "..\AssessmentDeliveryTests\API\AzureDevOps\AzureDevOpsApiTests\AzureDevOpsApiTests.csproj", "{CFA0A317-DD2A-4975-BAB4-DA6DAC88DBB8}"
EndProject
Project("{2150E333-8FDC-42A3-9474-1A3956D46DE8}") = "Specflow", "Specflow", "{73D55C1F-F93D-4C25-BA7E-2891EBA9EB49}"
EndProject
Project("{2150E333-8FDC-42A3-9474-1A3956D46DE8}") = "CPA", "CPA", "{E5FBE490-9AD9-4DD5-BDD0-BB9B46C745FA}"
EndProject
Project("{9A19103F-16F7-4668-BE54-9A1E7A4F7556}") = "CPATests", "..\AssessmentDeliveryTests\Specflow\CPA\CPATests.csproj", "{FAF39591-6BBE-4E78-9675-1FB9A0FEA4D9}"
EndProject
Project("{2150E333-8FDC-42A3-9474-1A3956D46DE8}") = "QuestionPro", "QuestionPro", "{D9AD8764-0327-4760-892F-2CA172A77E9D}"
EndProject
Project("{9A19103F-16F7-4668-BE54-9A1E7A4F7556}") = "QuestionProTests", "..\AssessmentDeliveryTests\Specflow\QuestionPro\QuestionProTests.csproj", "{74576680-2123-41EA-B630-77CC6519E305}"
EndProject
Project("{2150E333-8FDC-42A3-9474-1A3956D46DE8}") = "VisualTests", "VisualTests", "{6CB7EA21-6D61-4325-9A01-CAD88E3DCB28}"
EndProject
Project("{9A19103F-16F7-4668-BE54-9A1E7A4F7556}") = "CanvasTests", "..\AssessmentDeliveryTests\Web\VisualTests\CanvasTests.csproj", "{429B8A1A-669F-465C-98C9-C9A3D7302CCB}"
EndProject
Project("{2150E333-8FDC-42A3-9474-1A3956D46DE8}") = "SoapUIMockService", "SoapUIMockService", "{6E15DEF3-326F-4110-A4D0-6BF4177A6B87}"
EndProject
Project("{FAE04EC0-301F-11D3-BF4B-00C04F79EFBC}") = "SoapUIMockServiceTests", "..\AssessmentDeliveryTests\API\SoapUIMockService\SoapUIMockServiceTests\SoapUIMockServiceTests.csproj", "{11474737-6478-43CB-9D3B-D591649E16AC}"
EndProject
Global
	GlobalSection(SolutionConfigurationPlatforms) = preSolution
		Debug|Any CPU = Debug|Any CPU
		Release|Any CPU = Release|Any CPU
	EndGlobalSection
	GlobalSection(ProjectConfigurationPlatforms) = postSolution
		{07E6196F-5E80-4E1C-8A77-A8CE62F31A4C}.Debug|Any CPU.ActiveCfg = Debug|Any CPU
		{07E6196F-5E80-4E1C-8A77-A8CE62F31A4C}.Debug|Any CPU.Build.0 = Debug|Any CPU
		{07E6196F-5E80-4E1C-8A77-A8CE62F31A4C}.Release|Any CPU.ActiveCfg = Release|Any CPU
		{07E6196F-5E80-4E1C-8A77-A8CE62F31A4C}.Release|Any CPU.Build.0 = Release|Any CPU
		{92490819-17B3-4A39-9FC6-81F3546D454C}.Debug|Any CPU.ActiveCfg = Debug|Any CPU
		{92490819-17B3-4A39-9FC6-81F3546D454C}.Debug|Any CPU.Build.0 = Debug|Any CPU
		{92490819-17B3-4A39-9FC6-81F3546D454C}.Release|Any CPU.ActiveCfg = Release|Any CPU
		{92490819-17B3-4A39-9FC6-81F3546D454C}.Release|Any CPU.Build.0 = Release|Any CPU
		{65DF10CA-EA18-4A91-8102-F0AC6E447966}.Debug|Any CPU.ActiveCfg = Debug|Any CPU
		{65DF10CA-EA18-4A91-8102-F0AC6E447966}.Debug|Any CPU.Build.0 = Debug|Any CPU
		{65DF10CA-EA18-4A91-8102-F0AC6E447966}.Release|Any CPU.ActiveCfg = Release|Any CPU
		{65DF10CA-EA18-4A91-8102-F0AC6E447966}.Release|Any CPU.Build.0 = Release|Any CPU
		{AE223A92-1F38-4891-95EC-8CB7CDCE46E8}.Debug|Any CPU.ActiveCfg = Debug|Any CPU
		{AE223A92-1F38-4891-95EC-8CB7CDCE46E8}.Debug|Any CPU.Build.0 = Debug|Any CPU
		{AE223A92-1F38-4891-95EC-8CB7CDCE46E8}.Release|Any CPU.ActiveCfg = Release|Any CPU
		{AE223A92-1F38-4891-95EC-8CB7CDCE46E8}.Release|Any CPU.Build.0 = Release|Any CPU
		{CFA0A317-DD2A-4975-BAB4-DA6DAC88DBB8}.Debug|Any CPU.ActiveCfg = Debug|Any CPU
		{CFA0A317-DD2A-4975-BAB4-DA6DAC88DBB8}.Debug|Any CPU.Build.0 = Debug|Any CPU
		{CFA0A317-DD2A-4975-BAB4-DA6DAC88DBB8}.Release|Any CPU.ActiveCfg = Release|Any CPU
		{CFA0A317-DD2A-4975-BAB4-DA6DAC88DBB8}.Release|Any CPU.Build.0 = Release|Any CPU
		{FAF39591-6BBE-4E78-9675-1FB9A0FEA4D9}.Debug|Any CPU.ActiveCfg = Debug|Any CPU
		{FAF39591-6BBE-4E78-9675-1FB9A0FEA4D9}.Debug|Any CPU.Build.0 = Debug|Any CPU
		{FAF39591-6BBE-4E78-9675-1FB9A0FEA4D9}.Release|Any CPU.ActiveCfg = Release|Any CPU
		{FAF39591-6BBE-4E78-9675-1FB9A0FEA4D9}.Release|Any CPU.Build.0 = Release|Any CPU
		{74576680-2123-41EA-B630-77CC6519E305}.Debug|Any CPU.ActiveCfg = Debug|Any CPU
		{74576680-2123-41EA-B630-77CC6519E305}.Debug|Any CPU.Build.0 = Debug|Any CPU
		{74576680-2123-41EA-B630-77CC6519E305}.Release|Any CPU.ActiveCfg = Release|Any CPU
		{74576680-2123-41EA-B630-77CC6519E305}.Release|Any CPU.Build.0 = Release|Any CPU
		{429B8A1A-669F-465C-98C9-C9A3D7302CCB}.Debug|Any CPU.ActiveCfg = Debug|Any CPU
		{429B8A1A-669F-465C-98C9-C9A3D7302CCB}.Debug|Any CPU.Build.0 = Debug|Any CPU
		{429B8A1A-669F-465C-98C9-C9A3D7302CCB}.Release|Any CPU.ActiveCfg = Release|Any CPU
		{429B8A1A-669F-465C-98C9-C9A3D7302CCB}.Release|Any CPU.Build.0 = Release|Any CPU
		{11474737-6478-43CB-9D3B-D591649E16AC}.Debug|Any CPU.ActiveCfg = Debug|Any CPU
		{11474737-6478-43CB-9D3B-D591649E16AC}.Debug|Any CPU.Build.0 = Debug|Any CPU
		{11474737-6478-43CB-9D3B-D591649E16AC}.Release|Any CPU.ActiveCfg = Release|Any CPU
		{11474737-6478-43CB-9D3B-D591649E16AC}.Release|Any CPU.Build.0 = Release|Any CPU
	EndGlobalSection
	GlobalSection(SolutionProperties) = preSolution
		HideSolutionNode = FALSE
	EndGlobalSection
	GlobalSection(NestedProjects) = preSolution
		{E0A281F4-6443-463B-AF39-7702F196B31A} = {1C9A9EC1-D91B-4362-A927-FC90F30DFD6E}
		{20D2BF2A-45FF-4168-BAA7-0C5C7908FFDE} = {1C9A9EC1-D91B-4362-A927-FC90F30DFD6E}
		{52EB652F-323D-49F1-AF42-CD4E105D08CF} = {20D2BF2A-45FF-4168-BAA7-0C5C7908FFDE}
		{E4F31633-B2CA-4402-9605-8C76131F3377} = {1C9A9EC1-D91B-4362-A927-FC90F30DFD6E}
		{6FF47FA0-7B56-44E1-B1C2-9E1D22801F82} = {1C9A9EC1-D91B-4362-A927-FC90F30DFD6E}
		{C0EB9859-80F4-44DD-914F-7C68BA0AF601} = {6FF47FA0-7B56-44E1-B1C2-9E1D22801F82}
		{18E9D857-C81E-4FA7-9039-D4082BE20087} = {C0EB9859-80F4-44DD-914F-7C68BA0AF601}
		{92490819-17B3-4A39-9FC6-81F3546D454C} = {18E9D857-C81E-4FA7-9039-D4082BE20087}
		{77D432F0-97C2-419E-928C-88105192F016} = {52EB652F-323D-49F1-AF42-CD4E105D08CF}
		{65DF10CA-EA18-4A91-8102-F0AC6E447966} = {77D432F0-97C2-419E-928C-88105192F016}
		{26447017-C7DC-43B4-89AA-867DD4C63A4D} = {E0A281F4-6443-463B-AF39-7702F196B31A}
		{AE223A92-1F38-4891-95EC-8CB7CDCE46E8} = {26447017-C7DC-43B4-89AA-867DD4C63A4D}
		{36DFBF11-BB98-4D22-B9B5-641E37BB920C} = {E4F31633-B2CA-4402-9605-8C76131F3377}
		{CFA0A317-DD2A-4975-BAB4-DA6DAC88DBB8} = {36DFBF11-BB98-4D22-B9B5-641E37BB920C}
		{73D55C1F-F93D-4C25-BA7E-2891EBA9EB49} = {1C9A9EC1-D91B-4362-A927-FC90F30DFD6E}
		{E5FBE490-9AD9-4DD5-BDD0-BB9B46C745FA} = {73D55C1F-F93D-4C25-BA7E-2891EBA9EB49}
		{FAF39591-6BBE-4E78-9675-1FB9A0FEA4D9} = {E5FBE490-9AD9-4DD5-BDD0-BB9B46C745FA}
		{D9AD8764-0327-4760-892F-2CA172A77E9D} = {73D55C1F-F93D-4C25-BA7E-2891EBA9EB49}
		{74576680-2123-41EA-B630-77CC6519E305} = {D9AD8764-0327-4760-892F-2CA172A77E9D}
		{6CB7EA21-6D61-4325-9A01-CAD88E3DCB28} = {E0A281F4-6443-463B-AF39-7702F196B31A}
		{429B8A1A-669F-465C-98C9-C9A3D7302CCB} = {6CB7EA21-6D61-4325-9A01-CAD88E3DCB28}
		{6E15DEF3-326F-4110-A4D0-6BF4177A6B87} = {E4F31633-B2CA-4402-9605-8C76131F3377}
		{11474737-6478-43CB-9D3B-D591649E16AC} = {6E15DEF3-326F-4110-A4D0-6BF4177A6B87}
	EndGlobalSection
	GlobalSection(ExtensibilityGlobals) = postSolution
		SolutionGuid = {39D9C2B7-D9E7-4CCF-BF52-ACD8B1297E01}
	EndGlobalSection
EndGlobal
